// !$*UTF8*$!
{
	archiveVersion = 1;
	classes = {
	};
	objectVersion = 50;
	objects = {

/* Begin PBXBuildFile section */
		6DE6D26622D80F6D003594BE /* AppDelegate.swift in Sources */ = {isa = PBXBuildFile; fileRef = 6DE6D26522D80F6D003594BE /* AppDelegate.swift */; };
		6DE6D26B22D80F6D003594BE /* Main.storyboard in Resources */ = {isa = PBXBuildFile; fileRef = 6DE6D26922D80F6D003594BE /* Main.storyboard */; };
		6DE6D26D22D80F6E003594BE /* Assets.xcassets in Resources */ = {isa = PBXBuildFile; fileRef = 6DE6D26C22D80F6E003594BE /* Assets.xcassets */; };
		6DE6D27022D80F6E003594BE /* LaunchScreen.storyboard in Resources */ = {isa = PBXBuildFile; fileRef = 6DE6D26E22D80F6E003594BE /* LaunchScreen.storyboard */; };
		6DE6D28122D81081003594BE /* PokedexController.swift in Sources */ = {isa = PBXBuildFile; fileRef = 6DE6D28022D81081003594BE /* PokedexController.swift */; };
		6DE6D28322D814D4003594BE /* Extensions.swift in Sources */ = {isa = PBXBuildFile; fileRef = 6DE6D28222D814D4003594BE /* Extensions.swift */; };
		6DE6D28522D81DBB003594BE /* PokedexCell.swift in Sources */ = {isa = PBXBuildFile; fileRef = 6DE6D28422D81DBB003594BE /* PokedexCell.swift */; };
		6DE6D28722D828FF003594BE /* Pokemon.swift in Sources */ = {isa = PBXBuildFile; fileRef = 6DE6D28622D828FF003594BE /* Pokemon.swift */; };
		6DE6D28922D8311A003594BE /* Service.swift in Sources */ = {isa = PBXBuildFile; fileRef = 6DE6D28822D8311A003594BE /* Service.swift */; };
/* End PBXBuildFile section */

/* Begin PBXFileReference section */
		6DE6D26222D80F6D003594BE /* Pokedex.app */ = {isa = PBXFileReference; explicitFileType = wrapper.application; includeInIndex = 0; path = Pokedex.app; sourceTree = BUILT_PRODUCTS_DIR; };
		6DE6D26522D80F6D003594BE /* AppDelegate.swift */ = {isa = PBXFileReference; lastKnownFileType = sourcecode.swift; path = AppDelegate.swift; sourceTree = "<group>"; };
		6DE6D26A22D80F6D003594BE /* Base */ = {isa = PBXFileReference; lastKnownFileType = file.storyboard; name = Base; path = Base.lproj/Main.storyboard; sourceTree = "<group>"; };
		6DE6D26C22D80F6E003594BE /* Assets.xcassets */ = {isa = PBXFileReference; lastKnownFileType = folder.assetcatalog; path = Assets.xcassets; sourceTree = "<group>"; };
		6DE6D26F22D80F6E003594BE /* Base */ = {isa = PBXFileReference; lastKnownFileType = file.storyboard; name = Base; path = Base.lproj/LaunchScreen.storyboard; sourceTree = "<group>"; };
		6DE6D27122D80F6E003594BE /* Info.plist */ = {isa = PBXFileReference; lastKnownFileType = text.plist.xml; path = Info.plist; sourceTree = "<group>"; };
		6DE6D28022D81081003594BE /* PokedexController.swift */ = {isa = PBXFileReference; lastKnownFileType = sourcecode.swift; path = PokedexController.swift; sourceTree = "<group>"; };
		6DE6D28222D814D4003594BE /* Extensions.swift */ = {isa = PBXFileReference; lastKnownFileType = sourcecode.swift; path = Extensions.swift; sourceTree = "<group>"; };
		6DE6D28422D81DBB003594BE /* PokedexCell.swift */ = {isa = PBXFileReference; lastKnownFileType = sourcecode.swift; path = PokedexCell.swift; sourceTree = "<group>"; };
		6DE6D28622D828FF003594BE /* Pokemon.swift */ = {isa = PBXFileReference; lastKnownFileType = sourcecode.swift; path = Pokemon.swift; sourceTree = "<group>"; };
		6DE6D28822D8311A003594BE /* Service.swift */ = {isa = PBXFileReference; lastKnownFileType = sourcecode.swift; path = Service.swift; sourceTree = "<group>"; };
/* End PBXFileReference section */

/* Begin PBXFrameworksBuildPhase section */
		6DE6D25F22D80F6D003594BE /* Frameworks */ = {
			isa = PBXFrameworksBuildPhase;
			buildActionMask = 2147483647;
			files = (
			);
			runOnlyForDeploymentPostprocessing = 0;
		};
/* End PBXFrameworksBuildPhase section */

/* Begin PBXGroup section */
		6DE6D25922D80F6D003594BE = {
			isa = PBXGroup;
			children = (
				6DE6D26422D80F6D003594BE /* Pokedex */,
				6DE6D26322D80F6D003594BE /* Products */,
			);
			sourceTree = "<group>";
		};
		6DE6D26322D80F6D003594BE /* Products */ = {
			isa = PBXGroup;
			children = (
				6DE6D26222D80F6D003594BE /* Pokedex.app */,
			);
			name = Products;
			sourceTree = "<group>";
		};
		6DE6D26422D80F6D003594BE /* Pokedex */ = {
			isa = PBXGroup;
			children = (
				6DE6D27722D80F89003594BE /* Model */,
				6DE6D27C22D80FC7003594BE /* View */,
				6DE6D27D22D80FDE003594BE /* Controller */,
				6DE6D27E22D81028003594BE /* Service */,
				6DE6D27F22D8102E003594BE /* Utils */,
				6DE6D26522D80F6D003594BE /* AppDelegate.swift */,
				6DE6D26922D80F6D003594BE /* Main.storyboard */,
				6DE6D26C22D80F6E003594BE /* Assets.xcassets */,
				6DE6D26E22D80F6E003594BE /* LaunchScreen.storyboard */,
				6DE6D27122D80F6E003594BE /* Info.plist */,
			);
			path = Pokedex;
			sourceTree = "<group>";
		};
		6DE6D27722D80F89003594BE /* Model */ = {
			isa = PBXGroup;
			children = (
				6DE6D28622D828FF003594BE /* Pokemon.swift */,
			);
			path = Model;
			sourceTree = "<group>";
		};
		6DE6D27C22D80FC7003594BE /* View */ = {
			isa = PBXGroup;
			children = (
				6DE6D28422D81DBB003594BE /* PokedexCell.swift */,
			);
			path = View;
			sourceTree = "<group>";
		};
		6DE6D27D22D80FDE003594BE /* Controller */ = {
			isa = PBXGroup;
			children = (
				6DE6D28022D81081003594BE /* PokedexController.swift */,
			);
			path = Controller;
			sourceTree = "<group>";
		};
		6DE6D27E22D81028003594BE /* Service */ = {
			isa = PBXGroup;
			children = (
				6DE6D28822D8311A003594BE /* Service.swift */,
			);
			path = Service;
			sourceTree = "<group>";
		};
		6DE6D27F22D8102E003594BE /* Utils */ = {
			isa = PBXGroup;
			children = (
				6DE6D28222D814D4003594BE /* Extensions.swift */,
			);
			path = Utils;
			sourceTree = "<group>";
		};
/* End PBXGroup section */

/* Begin PBXNativeTarget section */
		6DE6D26122D80F6D003594BE /* Pokedex */ = {
			isa = PBXNativeTarget;
			buildConfigurationList = 6DE6D27422D80F6E003594BE /* Build configuration list for PBXNativeTarget "Pokedex" */;
			buildPhases = (
				6DE6D25E22D80F6D003594BE /* Sources */,
				6DE6D25F22D80F6D003594BE /* Frameworks */,
				6DE6D26022D80F6D003594BE /* Resources */,
			);
			buildRules = (
			);
			dependencies = (
			);
			name = Pokedex;
			productName = Pokedex;
			productReference = 6DE6D26222D80F6D003594BE /* Pokedex.app */;
			productType = "com.apple.product-type.application";
		};
/* End PBXNativeTarget section */

/* Begin PBXProject section */
		6DE6D25A22D80F6D003594BE /* Project object */ = {
			isa = PBXProject;
			attributes = {
				LastSwiftUpdateCheck = 1020;
				LastUpgradeCheck = 1020;
				ORGANIZATIONNAME = "Jason Behnke";
				TargetAttributes = {
					6DE6D26122D80F6D003594BE = {
						CreatedOnToolsVersion = 10.2.1;
					};
				};
			};
			buildConfigurationList = 6DE6D25D22D80F6D003594BE /* Build configuration list for PBXProject "Pokedex" */;
			compatibilityVersion = "Xcode 9.3";
			developmentRegion = en;
			hasScannedForEncodings = 0;
			knownRegions = (
				en,
				Base,
			);
			mainGroup = 6DE6D25922D80F6D003594BE;
			productRefGroup = 6DE6D26322D80F6D003594BE /* Products */;
			projectDirPath = "";
			projectRoot = "";
			targets = (
				6DE6D26122D80F6D003594BE /* Pokedex */,
			);
		};
/* End PBXProject section */

/* Begin PBXResourcesBuildPhase section */
		6DE6D26022D80F6D003594BE /* Resources */ = {
			isa = PBXResourcesBuildPhase;
			buildActionMask = 2147483647;
			files = (
				6DE6D27022D80F6E003594BE /* LaunchScreen.storyboard in Resources */,
				6DE6D26D22D80F6E003594BE /* Assets.xcassets in Resources */,
				6DE6D26B22D80F6D003594BE /* Main.storyboard in Resources */,
			);
			runOnlyForDeploymentPostprocessing = 0;
		};
/* End PBXResourcesBuildPhase section */

/* Begin PBXSourcesBuildPhase section */
		6DE6D25E22D80F6D003594BE /* Sources */ = {
			isa = PBXSourcesBuildPhase;
			buildActionMask = 2147483647;
			files = (
				6DE6D28722D828FF003594BE /* Pokemon.swift in Sources */,
				6DE6D28522D81DBB003594BE /* PokedexCell.swift in Sources */,
				6DE6D28122D81081003594BE /* PokedexController.swift in Sources */,
				6DE6D28322D814D4003594BE /* Extensions.swift in Sources */,
				6DE6D26622D80F6D003594BE /* AppDelegate.swift in Sources */,
				6DE6D28922D8311A003594BE /* Service.swift in Sources */,
			);
			runOnlyForDeploymentPostprocessing = 0;
		};
/* End PBXSourcesBuildPhase section */

/* Begin PBXVariantGroup section */
		6DE6D26922D80F6D003594BE /* Main.storyboard */ = {
			isa = PBXVariantGroup;
			children = (
				6DE6D26A22D80F6D003594BE /* Base */,
			);
			name = Main.storyboard;
			sourceTree = "<group>";
		};
		6DE6D26E22D80F6E003594BE /* LaunchScreen.storyboard */ = {
			isa = PBXVariantGroup;
			children = (
				6DE6D26F22D80F6E003594BE /* Base */,
			);
			name = LaunchScreen.storyboard;
			sourceTree = "<group>";
		};
/* End PBXVariantGroup section */

/* Begin XCBuildConfiguration section */
		6DE6D27222D80F6E003594BE /* Debug */ = {
			isa = XCBuildConfiguration;
			buildSettings = {
				ALWAYS_SEARCH_USER_PATHS = NO;
				CLANG_ANALYZER_NONNULL = YES;
				CLANG_ANALYZER_NUMBER_OBJECT_CONVERSION = YES_AGGRESSIVE;
				CLANG_CXX_LANGUAGE_STANDARD = "gnu++14";
				CLANG_CXX_LIBRARY = "libc++";
				CLANG_ENABLE_MODULES = YES;
				CLANG_ENABLE_OBJC_ARC = YES;
				CLANG_ENABLE_OBJC_WEAK = YES;
				CLANG_WARN_BLOCK_CAPTURE_AUTORELEASING = YES;
				CLANG_WARN_BOOL_CONVERSION = YES;
				CLANG_WARN_COMMA = YES;
				CLANG_WARN_CONSTANT_CONVERSION = YES;
				CLANG_WARN_DEPRECATED_OBJC_IMPLEMENTATIONS = YES;
				CLANG_WARN_DIRECT_OBJC_ISA_USAGE = YES_ERROR;
				CLANG_WARN_DOCUMENTATION_COMMENTS = YES;
				CLANG_WARN_EMPTY_BODY = YES;
				CLANG_WARN_ENUM_CONVERSION = YES;
				CLANG_WARN_INFINITE_RECURSION = YES;
				CLANG_WARN_INT_CONVERSION = YES;
				CLANG_WARN_NON_LITERAL_NULL_CONVERSION = YES;
				CLANG_WARN_OBJC_IMPLICIT_RETAIN_SELF = YES;
				CLANG_WARN_OBJC_LITERAL_CONVERSION = YES;
				CLANG_WARN_OBJC_ROOT_CLASS = YES_ERROR;
				CLANG_WARN_RANGE_LOOP_ANALYSIS = YES;
				CLANG_WARN_STRICT_PROTOTYPES = YES;
				CLANG_WARN_SUSPICIOUS_MOVE = YES;
				CLANG_WARN_UNGUARDED_AVAILABILITY = YES_AGGRESSIVE;
				CLANG_WARN_UNREACHABLE_CODE = YES;
				CLANG_WARN__DUPLICATE_METHOD_MATCH = YES;
				CODE_SIGN_IDENTITY = "iPhone Developer";
				COPY_PHASE_STRIP = NO;
				DEBUG_INFORMATION_FORMAT = dwarf;
				ENABLE_STRICT_OBJC_MSGSEND = YES;
				ENABLE_TESTABILITY = YES;
				GCC_C_LANGUAGE_STANDARD = gnu11;
				GCC_DYNAMIC_NO_PIC = NO;
				GCC_NO_COMMON_BLOCKS = YES;
				GCC_OPTIMIZATION_LEVEL = 0;
				GCC_PREPROCESSOR_DEFINITIONS = (
					"DEBUG=1",
					"$(inherited)",
				);
				GCC_WARN_64_TO_32_BIT_CONVERSION = YES;
				GCC_WARN_ABOUT_RETURN_TYPE = YES_ERROR;
				GCC_WARN_UNDECLARED_SELECTOR = YES;
				GCC_WARN_UNINITIALIZED_AUTOS = YES_AGGRESSIVE;
				GCC_WARN_UNUSED_FUNCTION = YES;
				GCC_WARN_UNUSED_VARIABLE = YES;
				IPHONEOS_DEPLOYMENT_TARGET = 12.2;
				MTL_ENABLE_DEBUG_INFO = INCLUDE_SOURCE;
				MTL_FAST_MATH = YES;
				ONLY_ACTIVE_ARCH = YES;
				SDKROOT = iphoneos;
				SWIFT_ACTIVE_COMPILATION_CONDITIONS = DEBUG;
				SWIFT_OPTIMIZATION_LEVEL = "-Onone";
			};
			name = Debug;
		};
		6DE6D27322D80F6E003594BE /* Release */ = {
			isa = XCBuildConfiguration;
			buildSettings = {
				ALWAYS_SEARCH_USER_PATHS = NO;
				CLANG_ANALYZER_NONNULL = YES;
				CLANG_ANALYZER_NUMBER_OBJECT_CONVERSION = YES_AGGRESSIVE;
				CLANG_CXX_LANGUAGE_STANDARD = "gnu++14";
				CLANG_CXX_LIBRARY = "libc++";
				CLANG_ENABLE_MODULES = YES;
				CLANG_ENABLE_OBJC_ARC = YES;
				CLANG_ENABLE_OBJC_WEAK = YES;
				CLANG_WARN_BLOCK_CAPTURE_AUTORELEASING = YES;
				CLANG_WARN_BOOL_CONVERSION = YES;
				CLANG_WARN_COMMA = YES;
				CLANG_WARN_CONSTANT_CONVERSION = YES;
				CLANG_WARN_DEPRECATED_OBJC_IMPLEMENTATIONS = YES;
				CLANG_WARN_DIRECT_OBJC_ISA_USAGE = YES_ERROR;
				CLANG_WARN_DOCUMENTATION_COMMENTS = YES;
				CLANG_WARN_EMPTY_BODY = YES;
				CLANG_WARN_ENUM_CONVERSION = YES;
				CLANG_WARN_INFINITE_RECURSION = YES;
				CLANG_WARN_INT_CONVERSION = YES;
				CLANG_WARN_NON_LITERAL_NULL_CONVERSION = YES;
				CLANG_WARN_OBJC_IMPLICIT_RETAIN_SELF = YES;
				CLANG_WARN_OBJC_LITERAL_CONVERSION = YES;
				CLANG_WARN_OBJC_ROOT_CLASS = YES_ERROR;
				CLANG_WARN_RANGE_LOOP_ANALYSIS = YES;
				CLANG_WARN_STRICT_PROTOTYPES = YES;
				CLANG_WARN_SUSPICIOUS_MOVE = YES;
				CLANG_WARN_UNGUARDED_AVAILABILITY = YES_AGGRESSIVE;
				CLANG_WARN_UNREACHABLE_CODE = YES;
				CLANG_WARN__DUPLICATE_METHOD_MATCH = YES;
				CODE_SIGN_IDENTITY = "iPhone Developer";
				COPY_PHASE_STRIP = NO;
				DEBUG_INFORMATION_FORMAT = "dwarf-with-dsym";
				ENABLE_NS_ASSERTIONS = NO;
				ENABLE_STRICT_OBJC_MSGSEND = YES;
				GCC_C_LANGUAGE_STANDARD = gnu11;
				GCC_NO_COMMON_BLOCKS = YES;
				GCC_WARN_64_TO_32_BIT_CONVERSION = YES;
				GCC_WARN_ABOUT_RETURN_TYPE = YES_ERROR;
				GCC_WARN_UNDECLARED_SELECTOR = YES;
				GCC_WARN_UNINITIALIZED_AUTOS = YES_AGGRESSIVE;
				GCC_WARN_UNUSED_FUNCTION = YES;
				GCC_WARN_UNUSED_VARIABLE = YES;
				IPHONEOS_DEPLOYMENT_TARGET = 12.2;
				MTL_ENABLE_DEBUG_INFO = NO;
				MTL_FAST_MATH = YES;
				SDKROOT = iphoneos;
				SWIFT_COMPILATION_MODE = wholemodule;
				SWIFT_OPTIMIZATION_LEVEL = "-O";
				VALIDATE_PRODUCT = YES;
			};
			name = Release;
		};
		6DE6D27522D80F6E003594BE /* Debug */ = {
			isa = XCBuildConfiguration;
			buildSettings = {
				ASSETCATALOG_COMPILER_APPICON_NAME = AppIcon;
				CODE_SIGN_STYLE = Automatic;
				DEVELOPMENT_TEAM = 63622FNZUK;
				INFOPLIST_FILE = Pokedex/Info.plist;
				LD_RUNPATH_SEARCH_PATHS = (
					"$(inherited)",
					"@executable_path/Frameworks",
				);
				PRODUCT_BUNDLE_IDENTIFIER = io.jasonbehnke.Pokedex;
				PRODUCT_NAME = "$(TARGET_NAME)";
				SWIFT_VERSION = 5.0;
				TARGETED_DEVICE_FAMILY = 1;
			};
			name = Debug;
		};
		6DE6D27622D80F6E003594BE /* Release */ = {
			isa = XCBuildConfiguration;
			buildSettings = {
				ASSETCATALOG_COMPILER_APPICON_NAME = AppIcon;
				CODE_SIGN_STYLE = Automatic;
				DEVELOPMENT_TEAM = 63622FNZUK;
				INFOPLIST_FILE = Pokedex/Info.plist;
				LD_RUNPATH_SEARCH_PATHS = (
					"$(inherited)",
					"@executable_path/Frameworks",
				);
				PRODUCT_BUNDLE_IDENTIFIER = io.jasonbehnke.Pokedex;
				PRODUCT_NAME = "$(TARGET_NAME)";
				SWIFT_VERSION = 5.0;
				TARGETED_DEVICE_FAMILY = 1;
			};
			name = Release;
		};
/* End XCBuildConfiguration section */

/* Begin XCConfigurationList section */
		6DE6D25D22D80F6D003594BE /* Build configuration list for PBXProject "Pokedex" */ = {
			isa = XCConfigurationList;
			buildConfigurations = (
				6DE6D27222D80F6E003594BE /* Debug */,
				6DE6D27322D80F6E003594BE /* Release */,
			);
			defaultConfigurationIsVisible = 0;
			defaultConfigurationName = Release;
		};
		6DE6D27422D80F6E003594BE /* Build configuration list for PBXNativeTarget "Pokedex" */ = {
			isa = XCConfigurationList;
			buildConfigurations = (
				6DE6D27522D80F6E003594BE /* Debug */,
				6DE6D27622D80F6E003594BE /* Release */,
			);
			defaultConfigurationIsVisible = 0;
			defaultConfigurationName = Release;
		};
/* End XCConfigurationList section */
	};
	rootObject = 6DE6D25A22D80F6D003594BE /* Project object */;
}
